
Microsoft Visual Studio Solution File, Format Version 12.00
# Visual Studio 15
VisualStudioVersion = 15.0.27130.2027
MinimumVisualStudioVersion = 10.0.40219.1
Project("{FAE04EC0-301F-11D3-BF4B-00C04F79EFBC}") = "ProjectSI_API", "ProjectSI_API\ProjectSI_API.csproj", "{9BC01C94-A928-4BED-A421-BA3063200F59}"
EndProject
Global
	GlobalSection(SolutionConfigurationPlatforms) = preSolution
		Debug|Any CPU = Debug|Any CPU
		Release|Any CPU = Release|Any CPU
	EndGlobalSection
	GlobalSection(ProjectConfigurationPlatforms) = postSolution
		{9BC01C94-A928-4BED-A421-BA3063200F59}.Debug|Any CPU.ActiveCfg = Debug|Any CPU
		{9BC01C94-A928-4BED-A421-BA3063200F59}.Debug|Any CPU.Build.0 = Debug|Any CPU
		{9BC01C94-A928-4BED-A421-BA3063200F59}.Release|Any CPU.ActiveCfg = Release|Any CPU
		{9BC01C94-A928-4BED-A421-BA3063200F59}.Release|Any CPU.Build.0 = Release|Any CPU
	EndGlobalSection
	GlobalSection(SolutionProperties) = preSolution
		HideSolutionNode = FALSE
	EndGlobalSection
	GlobalSection(ExtensibilityGlobals) = postSolution
		SolutionGuid = {A8AA6B95-387D-42DB-93F8-A76B29252FF9}
	EndGlobalSection
EndGlobal
